
Microsoft Visual Studio Solution File, Format Version 12.00
# Visual Studio Version 17
VisualStudioVersion = 17.0.31903.59
MinimumVisualStudioVersion = 10.0.40219.1
Project("{2150E333-8FDC-42A3-9474-1A3956D46DE8}") = "src", "src", "{827E0CD3-B72D-47B6-A68D-7590B98EB39B}"
EndProject
Project("{FAE04EC0-301F-11D3-BF4B-00C04F79EFBC}") = "Nwn.Formats", "src\Nwn.Formats\Nwn.Formats.csproj", "{D27C965B-1A30-412E-B894-16939FB317F8}"
EndProject
Project("{2150E333-8FDC-42A3-9474-1A3956D46DE8}") = "tests", "tests", "{0AB3BF05-4346-4AA6-1389-037BE0695223}"
EndProject
Project("{FAE04EC0-301F-11D3-BF4B-00C04F79EFBC}") = "Nwn.Authoring", "src\Nwn.Authoring\Nwn.Authoring.csproj", "{C2B06C58-9DBC-4F9A-B254-7B20DB0F1997}"
EndProject
Project("{FAE04EC0-301F-11D3-BF4B-00C04F79EFBC}") = "Nwn.Authoring.Tests", "tests\Nwn.Authoring.Tests\Nwn.Authoring.Tests.csproj", "{4A2654CC-59F1-4DD7-8DF0-1E7E8F057741}"
EndProject
Project("{FAE04EC0-301F-11D3-BF4B-00C04F79EFBC}") = "Nwn.Formats.Tests", "tests\Nwn.Formats.Tests\Nwn.Formats.Tests.csproj", "{B96B36F1-A45E-4943-A950-168E375C160D}"
EndProject
Project("{FAE04EC0-301F-11D3-BF4B-00C04F79EFBC}") = "Nwn.Preview", "src\Nwn.Preview\Nwn.Preview.csproj", "{D190CE22-79DE-4E6C-AF61-C3059BD47A6B}"
EndProject
Project("{FAE04EC0-301F-11D3-BF4B-00C04F79EFBC}") = "Nwn.Preview.Tests", "tests\Nwn.Preview.Tests\Nwn.Preview.Tests.csproj", "{8C49C755-2168-48FC-BCCD-06ACFF087034}"
EndProject
Project("{FAE04EC0-301F-11D3-BF4B-00C04F79EFBC}") = "Nwn.Toolset.Avalonia", "src\Nwn.Toolset.Avalonia\Nwn.Toolset.Avalonia.csproj", "{449BEEF8-F18D-417C-9D69-0C3AD20A49F3}"
EndProject
Project("{FAE04EC0-301F-11D3-BF4B-00C04F79EFBC}") = "Nwn.Toolset.Avalonia.Tests", "tests\Nwn.Toolset.Avalonia.Tests\Nwn.Toolset.Avalonia.Tests.csproj", "{4B1659C1-35A6-4114-8A56-A8ACD253B901}"
EndProject
Project("{FAE04EC0-301F-11D3-BF4B-00C04F79EFBC}") = "Nwn.Toolset.Avalonia.RenderSmoke", "tests\Nwn.Toolset.Avalonia.RenderSmoke\Nwn.Toolset.Avalonia.RenderSmoke.csproj", "{8CB8C94F-6176-4D27-A0AA-E1B1115DB988}"
EndProject
Global
	GlobalSection(SolutionConfigurationPlatforms) = preSolution
		Debug|Any CPU = Debug|Any CPU
		Debug|x64 = Debug|x64
		Debug|x86 = Debug|x86
		Release|Any CPU = Release|Any CPU
		Release|x64 = Release|x64
		Release|x86 = Release|x86
	EndGlobalSection
	GlobalSection(ProjectConfigurationPlatforms) = postSolution
		{D27C965B-1A30-412E-B894-16939FB317F8}.Debug|Any CPU.ActiveCfg = Debug|Any CPU
		{D27C965B-1A30-412E-B894-16939FB317F8}.Debug|Any CPU.Build.0 = Debug|Any CPU
		{D27C965B-1A30-412E-B894-16939FB317F8}.Debug|x64.ActiveCfg = Debug|Any CPU
		{D27C965B-1A30-412E-B894-16939FB317F8}.Debug|x64.Build.0 = Debug|Any CPU
		{D27C965B-1A30-412E-B894-16939FB317F8}.Debug|x86.ActiveCfg = Debug|Any CPU
		{D27C965B-1A30-412E-B894-16939FB317F8}.Debug|x86.Build.0 = Debug|Any CPU
		{D27C965B-1A30-412E-B894-16939FB317F8}.Release|Any CPU.ActiveCfg = Release|Any CPU
		{D27C965B-1A30-412E-B894-16939FB317F8}.Release|Any CPU.Build.0 = Release|Any CPU
		{D27C965B-1A30-412E-B894-16939FB317F8}.Release|x64.ActiveCfg = Release|Any CPU
		{D27C965B-1A30-412E-B894-16939FB317F8}.Release|x64.Build.0 = Release|Any CPU
		{D27C965B-1A30-412E-B894-16939FB317F8}.Release|x86.ActiveCfg = Release|Any CPU
		{D27C965B-1A30-412E-B894-16939FB317F8}.Release|x86.Build.0 = Release|Any CPU
		{C2B06C58-9DBC-4F9A-B254-7B20DB0F1997}.Debug|Any CPU.ActiveCfg = Debug|Any CPU
		{C2B06C58-9DBC-4F9A-B254-7B20DB0F1997}.Debug|Any CPU.Build.0 = Debug|Any CPU
		{C2B06C58-9DBC-4F9A-B254-7B20DB0F1997}.Debug|x64.ActiveCfg = Debug|Any CPU
		{C2B06C58-9DBC-4F9A-B254-7B20DB0F1997}.Debug|x64.Build.0 = Debug|Any CPU
		{C2B06C58-9DBC-4F9A-B254-7B20DB0F1997}.Debug|x86.ActiveCfg = Debug|Any CPU
		{C2B06C58-9DBC-4F9A-B254-7B20DB0F1997}.Debug|x86.Build.0 = Debug|Any CPU
		{C2B06C58-9DBC-4F9A-B254-7B20DB0F1997}.Release|Any CPU.ActiveCfg = Release|Any CPU
		{C2B06C58-9DBC-4F9A-B254-7B20DB0F1997}.Release|Any CPU.Build.0 = Release|Any CPU
		{C2B06C58-9DBC-4F9A-B254-7B20DB0F1997}.Release|x64.ActiveCfg = Release|Any CPU
		{C2B06C58-9DBC-4F9A-B254-7B20DB0F1997}.Release|x64.Build.0 = Release|Any CPU
		{C2B06C58-9DBC-4F9A-B254-7B20DB0F1997}.Release|x86.ActiveCfg = Release|Any CPU
		{C2B06C58-9DBC-4F9A-B254-7B20DB0F1997}.Release|x86.Build.0 = Release|Any CPU
		{4A2654CC-59F1-4DD7-8DF0-1E7E8F057741}.Debug|Any CPU.ActiveCfg = Debug|Any CPU
		{4A2654CC-59F1-4DD7-8DF0-1E7E8F057741}.Debug|Any CPU.Build.0 = Debug|Any CPU
		{4A2654CC-59F1-4DD7-8DF0-1E7E8F057741}.Debug|x64.ActiveCfg = Debug|Any CPU
		{4A2654CC-59F1-4DD7-8DF0-1E7E8F057741}.Debug|x64.Build.0 = Debug|Any CPU
		{4A2654CC-59F1-4DD7-8DF0-1E7E8F057741}.Debug|x86.ActiveCfg = Debug|Any CPU
		{4A2654CC-59F1-4DD7-8DF0-1E7E8F057741}.Debug|x86.Build.0 = Debug|Any CPU
		{4A2654CC-59F1-4DD7-8DF0-1E7E8F057741}.Release|Any CPU.ActiveCfg = Release|Any CPU
		{4A2654CC-59F1-4DD7-8DF0-1E7E8F057741}.Release|Any CPU.Build.0 = Release|Any CPU
		{4A2654CC-59F1-4DD7-8DF0-1E7E8F057741}.Release|x64.ActiveCfg = Release|Any CPU
		{4A2654CC-59F1-4DD7-8DF0-1E7E8F057741}.Release|x64.Build.0 = Release|Any CPU
		{4A2654CC-59F1-4DD7-8DF0-1E7E8F057741}.Release|x86.ActiveCfg = Release|Any CPU
		{4A2654CC-59F1-4DD7-8DF0-1E7E8F057741}.Release|x86.Build.0 = Release|Any CPU
		{B96B36F1-A45E-4943-A950-168E375C160D}.Debug|Any CPU.ActiveCfg = Debug|Any CPU
		{B96B36F1-A45E-4943-A950-168E375C160D}.Debug|Any CPU.Build.0 = Debug|Any CPU
		{B96B36F1-A45E-4943-A950-168E375C160D}.Debug|x64.ActiveCfg = Debug|Any CPU
		{B96B36F1-A45E-4943-A950-168E375C160D}.Debug|x64.Build.0 = Debug|Any CPU
		{B96B36F1-A45E-4943-A950-168E375C160D}.Debug|x86.ActiveCfg = Debug|Any CPU
		{B96B36F1-A45E-4943-A950-168E375C160D}.Debug|x86.Build.0 = Debug|Any CPU
		{B96B36F1-A45E-4943-A950-168E375C160D}.Release|Any CPU.ActiveCfg = Release|Any CPU
		{B96B36F1-A45E-4943-A950-168E375C160D}.Release|Any CPU.Build.0 = Release|Any CPU
		{B96B36F1-A45E-4943-A950-168E375C160D}.Release|x64.ActiveCfg = Release|Any CPU
		{B96B36F1-A45E-4943-A950-168E375C160D}.Release|x64.Build.0 = Release|Any CPU
		{B96B36F1-A45E-4943-A950-168E375C160D}.Release|x86.ActiveCfg = Release|Any CPU
		{B96B36F1-A45E-4943-A950-168E375C160D}.Release|x86.Build.0 = Release|Any CPU
		{D190CE22-79DE-4E6C-AF61-C3059BD47A6B}.Debug|Any CPU.ActiveCfg = Debug|Any CPU
		{D190CE22-79DE-4E6C-AF61-C3059BD47A6B}.Debug|Any CPU.Build.0 = Debug|Any CPU
		{D190CE22-79DE-4E6C-AF61-C3059BD47A6B}.Debug|x64.ActiveCfg = Debug|Any CPU
		{D190CE22-79DE-4E6C-AF61-C3059BD47A6B}.Debug|x64.Build.0 = Debug|Any CPU
		{D190CE22-79DE-4E6C-AF61-C3059BD47A6B}.Debug|x86.ActiveCfg = Debug|Any CPU
		{D190CE22-79DE-4E6C-AF61-C3059BD47A6B}.Debug|x86.Build.0 = Debug|Any CPU
		{D190CE22-79DE-4E6C-AF61-C3059BD47A6B}.Release|Any CPU.ActiveCfg = Release|Any CPU
		{D190CE22-79DE-4E6C-AF61-C3059BD47A6B}.Release|Any CPU.Build.0 = Release|Any CPU
		{D190CE22-79DE-4E6C-AF61-C3059BD47A6B}.Release|x64.ActiveCfg = Release|Any CPU
		{D190CE22-79DE-4E6C-AF61-C3059BD47A6B}.Release|x64.Build.0 = Release|Any CPU
		{D190CE22-79DE-4E6C-AF61-C3059BD47A6B}.Release|x86.ActiveCfg = Release|Any CPU
		{D190CE22-79DE-4E6C-AF61-C3059BD47A6B}.Release|x86.Build.0 = Release|Any CPU
		{8C49C755-2168-48FC-BCCD-06ACFF087034}.Debug|Any CPU.ActiveCfg = Debug|Any CPU
		{8C49C755-2168-48FC-BCCD-06ACFF087034}.Debug|Any CPU.Build.0 = Debug|Any CPU
		{8C49C755-2168-48FC-BCCD-06ACFF087034}.Debug|x64.ActiveCfg = Debug|Any CPU
		{8C49C755-2168-48FC-BCCD-06ACFF087034}.Debug|x64.Build.0 = Debug|Any CPU
		{8C49C755-2168-48FC-BCCD-06ACFF087034}.Debug|x86.ActiveCfg = Debug|Any CPU
		{8C49C755-2168-48FC-BCCD-06ACFF087034}.Debug|x86.Build.0 = Debug|Any CPU
		{8C49C755-2168-48FC-BCCD-06ACFF087034}.Release|Any CPU.ActiveCfg = Release|Any CPU
		{8C49C755-2168-48FC-BCCD-06ACFF087034}.Release|Any CPU.Build.0 = Release|Any CPU
		{8C49C755-2168-48FC-BCCD-06ACFF087034}.Release|x64.ActiveCfg = Release|Any CPU
		{8C49C755-2168-48FC-BCCD-06ACFF087034}.Release|x64.Build.0 = Release|Any CPU
		{8C49C755-2168-48FC-BCCD-06ACFF087034}.Release|x86.ActiveCfg = Release|Any CPU
		{8C49C755-2168-48FC-BCCD-06ACFF087034}.Release|x86.Build.0 = Release|Any CPU
		{449BEEF8-F18D-417C-9D69-0C3AD20A49F3}.Debug|Any CPU.ActiveCfg = Debug|Any CPU
		{449BEEF8-F18D-417C-9D69-0C3AD20A49F3}.Debug|Any CPU.Build.0 = Debug|Any CPU
		{449BEEF8-F18D-417C-9D69-0C3AD20A49F3}.Debug|x64.ActiveCfg = Debug|Any CPU
		{449BEEF8-F18D-417C-9D69-0C3AD20A49F3}.Debug|x64.Build.0 = Debug|Any CPU
		{449BEEF8-F18D-417C-9D69-0C3AD20A49F3}.Debug|x86.ActiveCfg = Debug|Any CPU
		{449BEEF8-F18D-417C-9D69-0C3AD20A49F3}.Debug|x86.Build.0 = Debug|Any CPU
		{449BEEF8-F18D-417C-9D69-0C3AD20A49F3}.Release|Any CPU.ActiveCfg = Release|Any CPU
		{449BEEF8-F18D-417C-9D69-0C3AD20A49F3}.Release|Any CPU.Build.0 = Release|Any CPU
		{449BEEF8-F18D-417C-9D69-0C3AD20A49F3}.Release|x64.ActiveCfg = Release|Any CPU
		{449BEEF8-F18D-417C-9D69-0C3AD20A49F3}.Release|x64.Build.0 = Release|Any CPU
		{449BEEF8-F18D-417C-9D69-0C3AD20A49F3}.Release|x86.ActiveCfg = Release|Any CPU
		{449BEEF8-F18D-417C-9D69-0C3AD20A49F3}.Release|x86.Build.0 = Release|Any CPU
		{4B1659C1-35A6-4114-8A56-A8ACD253B901}.Debug|Any CPU.ActiveCfg = Debug|Any CPU
		{4B1659C1-35A6-4114-8A56-A8ACD253B901}.Debug|Any CPU.Build.0 = Debug|Any CPU
		{4B1659C1-35A6-4114-8A56-A8ACD253B901}.Debug|x64.ActiveCfg = Debug|Any CPU
		{4B1659C1-35A6-4114-8A56-A8ACD253B901}.Debug|x64.Build.0 = Debug|Any CPU
		{4B1659C1-35A6-4114-8A56-A8ACD253B901}.Debug|x86.ActiveCfg = Debug|Any CPU
		{4B1659C1-35A6-4114-8A56-A8ACD253B901}.Debug|x86.Build.0 = Debug|Any CPU
		{4B1659C1-35A6-4114-8A56-A8ACD253B901}.Release|Any CPU.ActiveCfg = Release|Any CPU
		{4B1659C1-35A6-4114-8A56-A8ACD253B901}.Release|Any CPU.Build.0 = Release|Any CPU
		{4B1659C1-35A6-4114-8A56-A8ACD253B901}.Release|x64.ActiveCfg = Release|Any CPU
		{4B1659C1-35A6-4114-8A56-A8ACD253B901}.Release|x64.Build.0 = Release|Any CPU
		{4B1659C1-35A6-4114-8A56-A8ACD253B901}.Release|x86.ActiveCfg = Release|Any CPU
		{4B1659C1-35A6-4114-8A56-A8ACD253B901}.Release|x86.Build.0 = Release|Any CPU
		{8CB8C94F-6176-4D27-A0AA-E1B1115DB988}.Debug|Any CPU.ActiveCfg = Debug|Any CPU
		{8CB8C94F-6176-4D27-A0AA-E1B1115DB988}.Debug|Any CPU.Build.0 = Debug|Any CPU
		{8CB8C94F-6176-4D27-A0AA-E1B1115DB988}.Debug|x64.ActiveCfg = Debug|Any CPU
		{8CB8C94F-6176-4D27-A0AA-E1B1115DB988}.Debug|x64.Build.0 = Debug|Any CPU
		{8CB8C94F-6176-4D27-A0AA-E1B1115DB988}.Debug|x86.ActiveCfg = Debug|Any CPU
		{8CB8C94F-6176-4D27-A0AA-E1B1115DB988}.Debug|x86.Build.0 = Debug|Any CPU
		{8CB8C94F-6176-4D27-A0AA-E1B1115DB988}.Release|Any CPU.ActiveCfg = Release|Any CPU
		{8CB8C94F-6176-4D27-A0AA-E1B1115DB988}.Release|Any CPU.Build.0 = Release|Any CPU
		{8CB8C94F-6176-4D27-A0AA-E1B1115DB988}.Release|x64.ActiveCfg = Release|Any CPU
		{8CB8C94F-6176-4D27-A0AA-E1B1115DB988}.Release|x64.Build.0 = Release|Any CPU
		{8CB8C94F-6176-4D27-A0AA-E1B1115DB988}.Release|x86.ActiveCfg = Release|Any CPU
		{8CB8C94F-6176-4D27-A0AA-E1B1115DB988}.Release|x86.Build.0 = Release|Any CPU
	EndGlobalSection
	GlobalSection(SolutionProperties) = preSolution
		HideSolutionNode = FALSE
	EndGlobalSection
	GlobalSection(NestedProjects) = preSolution
		{D27C965B-1A30-412E-B894-16939FB317F8} = {827E0CD3-B72D-47B6-A68D-7590B98EB39B}
		{C2B06C58-9DBC-4F9A-B254-7B20DB0F1997} = {827E0CD3-B72D-47B6-A68D-7590B98EB39B}
		{4A2654CC-59F1-4DD7-8DF0-1E7E8F057741} = {0AB3BF05-4346-4AA6-1389-037BE0695223}
		{B96B36F1-A45E-4943-A950-168E375C160D} = {0AB3BF05-4346-4AA6-1389-037BE0695223}
		{D190CE22-79DE-4E6C-AF61-C3059BD47A6B} = {827E0CD3-B72D-47B6-A68D-7590B98EB39B}
		{8C49C755-2168-48FC-BCCD-06ACFF087034} = {0AB3BF05-4346-4AA6-1389-037BE0695223}
		{449BEEF8-F18D-417C-9D69-0C3AD20A49F3} = {827E0CD3-B72D-47B6-A68D-7590B98EB39B}
		{4B1659C1-35A6-4114-8A56-A8ACD253B901} = {0AB3BF05-4346-4AA6-1389-037BE0695223}
		{8CB8C94F-6176-4D27-A0AA-E1B1115DB988} = {0AB3BF05-4346-4AA6-1389-037BE0695223}
	EndGlobalSection
EndGlobal
